schema: '2.0'
stages:
  data_collection:
    cmd: python src/data/data_collection.py
    deps:
    - path: src/data/data_collection.py
      hash: md5
      md5: c2b4f1406fc9b9cf47e028926af8e5a8
      size: 2589
    params:
      params.yaml:
        data_collection.test_size: 0.1
    outs:
    - path: data/raw/
      hash: md5
      md5: 3c46582a92890c4a21f56009a69e1bc4.dir
      size: 522262
      nfiles: 2
  pre_processing:
    cmd: python src/data/data_prep.py
    deps:
    - path: data/raw/
      hash: md5
      md5: 3c46582a92890c4a21f56009a69e1bc4.dir
      size: 522262
      nfiles: 2
    - path: src/data/data_prep.py
      hash: md5
      md5: 1f4cd217a82a6b0cb48f562dcb63feb7
      size: 1937
    outs:
    - path: data/processed/
      hash: md5
      md5: 7f0c982b8b81309221fb3ef4baefac30.dir
      size: 546385
      nfiles: 2
  model_building:
    cmd: python src/model/model_building.py
    deps:
    - path: data/processed/
      hash: md5
      md5: 7f0c982b8b81309221fb3ef4baefac30.dir
      size: 546385
      nfiles: 2
    - path: src/model/model_building.py
      hash: md5
      md5: 98eab82c4332389cdf1cce22b39a6c36
      size: 2047
    params:
      params.yaml:
        model_building.n_estimators: 100
    outs:
    - path: models/model_median.pkl
      hash: md5
      md5: 2b27b8b225c07973f09462ece7c25a82
      size: 8223027
  model_eval:
    cmd: python src/model/model_eval.py
    deps:
    - path: models/model_median.pkl
      hash: md5
      md5: 2b27b8b225c07973f09462ece7c25a82
      size: 8223027
    - path: src/model/model_eval.py
      hash: md5
      md5: dab8f40594753bfccd0d91768d384f01
      size: 3408
    outs:
    - path: reports/metrics_median.json
      hash: md5
      md5: 5e16aa56804ad28adfd9e3694e1f9fc0
      size: 146
