schema: '2.0'
stages:
  data_collection:
    cmd: python3 src/data/data_collection.py
    deps:
    - path: src/data/data_collection.py
      hash: md5
      md5: 36dd14de9ce61f2d66a4450bd68c564e
      size: 2510
    params:
      params.yaml:
        data_collection.test_size: 0.2
    outs:
    - path: data/raw/
      hash: md5
      md5: 6943e655800134f51910892c621c7b98.dir
      size: 518984
      nfiles: 2
  pre_processing:
    cmd: python3 src/data/data_prep.py
    deps:
    - path: data/raw/
      hash: md5
      md5: 6943e655800134f51910892c621c7b98.dir
      size: 518984
      nfiles: 2
    - path: src/data/data_prep.py
      hash: md5
      md5: 56ac4b52fb70e8ccef57d428d524e709
      size: 1989
    outs:
    - path: data/processed/
      hash: md5
      md5: 7dc9ba91ca99bc0fb0a4e320438295f0.dir
      size: 543617
      nfiles: 2
  model_building:
    cmd: python3 src/model/model_building.py
    deps:
    - path: data/processed/
      hash: md5
      md5: 7dc9ba91ca99bc0fb0a4e320438295f0.dir
      size: 543617
      nfiles: 2
    - path: src/model/model_building.py
      hash: md5
      md5: 7d938ab0136d231da4cede7cc106593e
      size: 1987
    params:
      params.yaml:
        model_building.n_estimators: 50
    outs:
    - path: models/model_median.pkl
      hash: md5
      md5: 9a63626b5d6936ecdfd4ade281b7fc76
      size: 3675901
  model_eval:
    cmd: python3 src/model/model_eval.py
    deps:
    - path: models/model_median.pkl
      hash: md5
      md5: 9a63626b5d6936ecdfd4ade281b7fc76
      size: 3675901
    - path: src/model/model_eval.py
      hash: md5
      md5: 99456be2ac06fd4171a10337e23760c5
      size: 2623
    outs:
    - path: reports/metrics_median.json
      hash: md5
      md5: 2eafa772a35accdc73df540feb892711
      size: 142
