schema: '2.0'
stages:
  data_collection:
    cmd: python src/data/data_collection.py
    deps:
    - path: src/data/data_collection.py
      hash: md5
      md5: c2b4f1406fc9b9cf47e028926af8e5a8
      size: 2589
    params:
      params.yaml:
        data_collection.test_size: 0.1
    outs:
    - path: data/raw/
      hash: md5
      md5: 3c46582a92890c4a21f56009a69e1bc4.dir
      size: 522262
      nfiles: 2
  pre_processing:
    cmd: python src/data/data_prep.py
    deps:
    - path: data/raw/
      hash: md5
      md5: 3c46582a92890c4a21f56009a69e1bc4.dir
      size: 522262
      nfiles: 2
    - path: src/data/data_prep.py
      hash: md5
      md5: 1f4cd217a82a6b0cb48f562dcb63feb7
      size: 1937
    outs:
    - path: data/processed/
      hash: md5
      md5: 7f0c982b8b81309221fb3ef4baefac30.dir
      size: 546385
      nfiles: 2
  model_building:
    cmd: python src/model/model_building.py
    deps:
    - path: data/processed/
      hash: md5
      md5: 7f0c982b8b81309221fb3ef4baefac30.dir
      size: 546385
      nfiles: 2
    - path: src/model/model_building.py
      hash: md5
      md5: f782cb8a7d271bf5faded53ff61a4e85
      size: 3805
    params:
      params.yaml:
        model_building.n_estimators: 300
    outs:
    - path: models/model_median.pkl
      hash: md5
      md5: 72247078005ae6f06ce463550d030ac8
      size: 276647
  model_eval:
    cmd: python src/model/model_eval.py
    deps:
    - path: models/model_median.pkl
      hash: md5
      md5: 72247078005ae6f06ce463550d030ac8
      size: 276647
    - path: src/model/model_eval.py
      hash: md5
      md5: 6c678ea17defc809f640a46bb5aff394
      size: 3700
    outs:
    - path: reports/metrics_median.json
      hash: md5
      md5: dee86071b4929cc4fb44b890976d7875
      size: 117
